
Microsoft Visual Studio Solution File, Format Version 12.00
# Visual Studio Version 16
VisualStudioVersion = 16.0.31313.79
MinimumVisualStudioVersion = 10.0.40219.1
Project("{9A19103F-16F7-4668-BE54-9A1E7A4F7556}") = "API.NET-Catalogo_Jogos", "API.NET-Catalogo_Jogos\API.NET-Catalogo_Jogos.csproj", "{AFDF3D09-0086-47AA-A2A3-2C58CD49E727}"
EndProject
Global
	GlobalSection(SolutionConfigurationPlatforms) = preSolution
		Debug|Any CPU = Debug|Any CPU
		Release|Any CPU = Release|Any CPU
	EndGlobalSection
	GlobalSection(ProjectConfigurationPlatforms) = postSolution
		{AFDF3D09-0086-47AA-A2A3-2C58CD49E727}.Debug|Any CPU.ActiveCfg = Debug|Any CPU
		{AFDF3D09-0086-47AA-A2A3-2C58CD49E727}.Debug|Any CPU.Build.0 = Debug|Any CPU
		{AFDF3D09-0086-47AA-A2A3-2C58CD49E727}.Release|Any CPU.ActiveCfg = Release|Any CPU
		{AFDF3D09-0086-47AA-A2A3-2C58CD49E727}.Release|Any CPU.Build.0 = Release|Any CPU
	EndGlobalSection
	GlobalSection(SolutionProperties) = preSolution
		HideSolutionNode = FALSE
	EndGlobalSection
	GlobalSection(ExtensibilityGlobals) = postSolution
		SolutionGuid = {B8136380-5C9C-4EB6-9C13-7AEBA0F9F2DA}
	EndGlobalSection
EndGlobal
